
Microsoft Visual Studio Solution File, Format Version 12.00
# Visual Studio Version 17
VisualStudioVersion = 17.0.31710.8
MinimumVisualStudioVersion = 10.0.40219.1
Project("{2150E333-8FDC-42A3-9474-1A3956D46DE8}") = "Solution Items", "Solution Items", "{E45162B8-B80A-4331-A354-7D507B23D97B}"
	ProjectSection(SolutionItems) = preProject
		.editorconfig = .editorconfig
		readme.md = readme.md
	EndProjectSection
EndProject
Project("{9A19103F-16F7-4668-BE54-9A1E7A4F7556}") = "WebSocketPipe", "src\WebSocketPipe\WebSocketPipe.csproj", "{36D496E4-50C8-4156-8A9F-D525A3C19746}"
EndProject
Project("{9A19103F-16F7-4668-BE54-9A1E7A4F7556}") = "Tests", "src\Tests\Tests.csproj", "{517F1129-4EA6-46FA-827B-42CF5EB0DE09}"
EndProject
Global
	GlobalSection(SolutionConfigurationPlatforms) = preSolution
		Debug|Any CPU = Debug|Any CPU
		Release|Any CPU = Release|Any CPU
	EndGlobalSection
	GlobalSection(ProjectConfigurationPlatforms) = postSolution
		{36D496E4-50C8-4156-8A9F-D525A3C19746}.Debug|Any CPU.ActiveCfg = Debug|Any CPU
		{36D496E4-50C8-4156-8A9F-D525A3C19746}.Debug|Any CPU.Build.0 = Debug|Any CPU
		{36D496E4-50C8-4156-8A9F-D525A3C19746}.Release|Any CPU.ActiveCfg = Release|Any CPU
		{36D496E4-50C8-4156-8A9F-D525A3C19746}.Release|Any CPU.Build.0 = Release|Any CPU
		{517F1129-4EA6-46FA-827B-42CF5EB0DE09}.Debug|Any CPU.ActiveCfg = Debug|Any CPU
		{517F1129-4EA6-46FA-827B-42CF5EB0DE09}.Debug|Any CPU.Build.0 = Debug|Any CPU
		{517F1129-4EA6-46FA-827B-42CF5EB0DE09}.Release|Any CPU.ActiveCfg = Release|Any CPU
		{517F1129-4EA6-46FA-827B-42CF5EB0DE09}.Release|Any CPU.Build.0 = Release|Any CPU
	EndGlobalSection
	GlobalSection(SolutionProperties) = preSolution
		HideSolutionNode = FALSE
	EndGlobalSection
	GlobalSection(ExtensibilityGlobals) = postSolution
		SolutionGuid = {D4B0A4E9-B519-4C31-939F-0F5BF858248F}
	EndGlobalSection
EndGlobal
